
Microsoft Visual Studio Solution File, Format Version 12.00
# Visual Studio 14
VisualStudioVersion = 14.0.25420.1
MinimumVisualStudioVersion = 10.0.40219.1
Project("{FAE04EC0-301F-11D3-BF4B-00C04F79EFBC}") = "WebDeploymentTest", "WebDeploymentTest\WebDeploymentTest.csproj", "{48538CE4-D022-4433-84E0-B7B303E13101}"
EndProject
Global
	GlobalSection(SolutionConfigurationPlatforms) = preSolution
		Debug|Any CPU = Debug|Any CPU
		Release|Any CPU = Release|Any CPU
	EndGlobalSection
	GlobalSection(ProjectConfigurationPlatforms) = postSolution
		{48538CE4-D022-4433-84E0-B7B303E13101}.Debug|Any CPU.ActiveCfg = Debug|Any CPU
		{48538CE4-D022-4433-84E0-B7B303E13101}.Debug|Any CPU.Build.0 = Debug|Any CPU
		{48538CE4-D022-4433-84E0-B7B303E13101}.Release|Any CPU.ActiveCfg = Release|Any CPU
		{48538CE4-D022-4433-84E0-B7B303E13101}.Release|Any CPU.Build.0 = Release|Any CPU
	EndGlobalSection
	GlobalSection(SolutionProperties) = preSolution
		HideSolutionNode = FALSE
	EndGlobalSection
EndGlobal
